
Microsoft Visual Studio Solution File, Format Version 12.00
# Visual Studio Version 17
VisualStudioVersion = 17.9.34714.143
MinimumVisualStudioVersion = 10.0.40219.1
Project("{FAE04EC0-301F-11D3-BF4B-00C04F79EFBC}") = "DatabaseClient", "DatabaseClient\DatabaseClient.csproj", "{39473776-F06B-4A7D-B505-26F69C86EE67}"
EndProject
Global
	GlobalSection(SolutionConfigurationPlatforms) = preSolution
		Debug|Any CPU = Debug|Any CPU
		Release|Any CPU = Release|Any CPU
	EndGlobalSection
	GlobalSection(ProjectConfigurationPlatforms) = postSolution
		{39473776-F06B-4A7D-B505-26F69C86EE67}.Debug|Any CPU.ActiveCfg = Debug|Any CPU
		{39473776-F06B-4A7D-B505-26F69C86EE67}.Debug|Any CPU.Build.0 = Debug|Any CPU
		{39473776-F06B-4A7D-B505-26F69C86EE67}.Release|Any CPU.ActiveCfg = Release|Any CPU
		{39473776-F06B-4A7D-B505-26F69C86EE67}.Release|Any CPU.Build.0 = Release|Any CPU
	EndGlobalSection
	GlobalSection(SolutionProperties) = preSolution
		HideSolutionNode = FALSE
	EndGlobalSection
	GlobalSection(ExtensibilityGlobals) = postSolution
		SolutionGuid = {91AAA139-EA87-4CD7-814B-490C5D64DB5B}
	EndGlobalSection
EndGlobal
